
Microsoft Visual Studio Solution File, Format Version 12.00
# Visual Studio 15
VisualStudioVersion = 15.0.28307.329
MinimumVisualStudioVersion = 10.0.40219.1
Project("{FAE04EC0-301F-11D3-BF4B-00C04F79EFBC}") = "UnitedPackage", "UnitedPackage\UnitedPackage.csproj", "{B522FCB2-4401-430A-AFF5-AB54043C6EEA}"
EndProject
Global
	GlobalSection(SolutionConfigurationPlatforms) = preSolution
		Debug|Any CPU = Debug|Any CPU
		Release|Any CPU = Release|Any CPU
	EndGlobalSection
	GlobalSection(ProjectConfigurationPlatforms) = postSolution
		{B522FCB2-4401-430A-AFF5-AB54043C6EEA}.Debug|Any CPU.ActiveCfg = Debug|Any CPU
		{B522FCB2-4401-430A-AFF5-AB54043C6EEA}.Debug|Any CPU.Build.0 = Debug|Any CPU
		{B522FCB2-4401-430A-AFF5-AB54043C6EEA}.Release|Any CPU.ActiveCfg = Release|Any CPU
		{B522FCB2-4401-430A-AFF5-AB54043C6EEA}.Release|Any CPU.Build.0 = Release|Any CPU
	EndGlobalSection
	GlobalSection(SolutionProperties) = preSolution
		HideSolutionNode = FALSE
	EndGlobalSection
	GlobalSection(ExtensibilityGlobals) = postSolution
		SolutionGuid = {7A522D02-1BFA-4F6D-ABB8-0B52B2329176}
	EndGlobalSection
EndGlobal
